{"SurveyEntry":{"SurveyID":"SV_2ohKQDRcQt6nRQi","SurveyName":"\u00d8AADM3700_lecture4_decisionStyle","SurveyDescription":null,"SurveyOwnerID":"UR_6J1K4yBNWGjcBiR","SurveyBrandID":"bino","DivisionID":null,"SurveyLanguage":"EN","SurveyActiveResponseSet":"RS_b2w0UgsVDQrOYnA","SurveyStatus":"Active","SurveyStartDate":"0000-00-00 00:00:00","SurveyExpirationDate":"0000-00-00 00:00:00","SurveyCreationDate":"2025-09-09 02:40:35","CreatorID":"UR_6J1K4yBNWGjcBiR","LastModified":"2025-11-04 01:31:49","LastAccessed":"0000-00-00 00:00:00","LastActivated":"2025-09-09 03:07:03","Deleted":null},"SurveyElements":[{"SurveyID":"SV_2ohKQDRcQt6nRQi","Element":"BL","PrimaryAttribute":"Survey Blocks","SecondaryAttribute":null,"TertiaryAttribute":null,"Payload":[{"Type":"Default","Description":"CRT","ID":"BL_6rOuetBJYCqPTEO","BlockElements":[{"Type":"Question","QuestionID":"QID1"},{"Type":"Question","QuestionID":"QID2"},{"Type":"Question","QuestionID":"QID3"}],"Options":{"BlockLocking":"false","RandomizeQuestions":"false","BlockVisibility":"Expanded"}},{"Type":"Trash","Description":"Trash \/ Unused Questions","ID":"BL_2u8S2amMgPDN8N0"},{"Type":"Standard","SubType":"","Description":"REI","ID":"BL_4HL6iX9O4suRhY2","BlockElements":[{"Type":"Question","QuestionID":"QID4"},{"Type":"Page Break"},{"Type":"Question","QuestionID":"QID5"}],"Options":{"BlockLocking":"false","RandomizeQuestions":"false","BlockVisibility":"Expanded"}},{"Type":"Standard","SubType":"","Description":"ID","ID":"BL_0Th8udWTdEQbdI2","BlockElements":[{"Type":"Question","QuestionID":"QID6"}],"Options":{"BlockLocking":"false","RandomizeQuestions":"false","BlockVisibility":"Expanded"}}]},{"SurveyID":"SV_2ohKQDRcQt6nRQi","Element":"FL","PrimaryAttribute":"Survey Flow","SecondaryAttribute":null,"TertiaryAttribute":null,"Payload":{"Flow":[{"ID":"BL_0Th8udWTdEQbdI2","Type":"Standard","FlowID":"FL_4"},{"ID":"BL_6rOuetBJYCqPTEO","Type":"Block","FlowID":"FL_2"},{"ID":"BL_4HL6iX9O4suRhY2","Type":"Standard","FlowID":"FL_3"}],"Properties":{"Count":4},"FlowID":"FL_1","Type":"Root"}},{"SurveyID":"SV_2ohKQDRcQt6nRQi","Element":"PL","PrimaryAttribute":"Preview Link","SecondaryAttribute":null,"TertiaryAttribute":null,"Payload":{"PreviewType":"Brand","PreviewID":"6acf93c5-3f65-4066-a067-6f02e41368c2"}},{"SurveyID":"SV_2ohKQDRcQt6nRQi","Element":"PROJ","PrimaryAttribute":"CORE","SecondaryAttribute":null,"TertiaryAttribute":"1.1.0","Payload":{"ProjectCategory":"CORE","SchemaVersion":"1.1.0"}},{"SurveyID":"SV_2ohKQDRcQt6nRQi","Element":"QC","PrimaryAttribute":"Survey Question Count","SecondaryAttribute":"6","TertiaryAttribute":null,"Payload":null},{"SurveyID":"SV_2ohKQDRcQt6nRQi","Element":"QG","PrimaryAttribute":"QG_6d1HUkK1hI9cIne","SecondaryAttribute":"Default Quota Group","TertiaryAttribute":null,"Payload":{"ID":"QG_6d1HUkK1hI9cIne","Name":"Default Quota Group","Selected":true,"MultipleMatch":"PlaceInAll","Public":false,"Quotas":[]}},{"SurveyID":"SV_2ohKQDRcQt6nRQi","Element":"QGO","PrimaryAttribute":"QGO_QuotaGroupOrder","SecondaryAttribute":null,"TertiaryAttribute":null,"Payload":["QG_6d1HUkK1hI9cIne"]},{"SurveyID":"SV_2ohKQDRcQt6nRQi","Element":"RS","PrimaryAttribute":"RS_b2w0UgsVDQrOYnA","SecondaryAttribute":"Default Response Set","TertiaryAttribute":null,"Payload":null},{"SurveyID":"SV_2ohKQDRcQt6nRQi","Element":"SCO","PrimaryAttribute":"Scoring","SecondaryAttribute":null,"TertiaryAttribute":null,"Payload":{"ScoringCategories":[],"ScoringCategoryGroups":[],"ScoringSummaryCategory":null,"ScoringSummaryAfterQuestions":0,"ScoringSummaryAfterSurvey":0,"DefaultScoringCategory":null,"AutoScoringCategory":null}},{"SurveyID":"SV_2ohKQDRcQt6nRQi","Element":"SO","PrimaryAttribute":"Survey Options","SecondaryAttribute":null,"TertiaryAttribute":null,"Payload":{"BackButton":"false","SaveAndContinue":"true","SurveyProtection":"PublicSurvey","BallotBoxStuffingPrevention":"false","NoIndex":"Yes","SecureResponseFiles":"true","SurveyExpiration":"None","SurveyTermination":"DefaultMessage","Header":"","Footer":"","ProgressBarDisplay":"None","PartialData":"+1 week","ValidationMessage":null,"PreviousButton":"","NextButton":"","SurveyTitle":"Qualtrics Survey | Qualtrics Experience Management","SkinLibrary":"bino","SkinType":"templated","Skin":{"brandingId":"5980661346","templateId":"*base","overrides":null},"NewScoring":1,"SurveyMetaDescription":"The most powerful, simple and trusted way to gather experience data. Start your journey to experience management and try a free account today.","SurveyName":"\u00d8AADM3700_lecture4_decisionStyle","EOSMessage":null,"ShowExportTags":"false","CollectGeoLocation":"false","PasswordProtection":"No","AnonymizeResponse":"No","RefererCheck":"No","BallotBoxStuffingPreventionBehavior":null,"BallotBoxStuffingPreventionMessage":null,"BallotBoxStuffingPreventionMessageLibrary":null,"BallotBoxStuffingPreventionURL":null,"UseCustomSurveyLinkCompletedMessage":null,"SurveyLinkCompletedMessage":null,"SurveyLinkCompletedMessageLibrary":null,"ResponseSummary":"No","EOSMessageLibrary":null,"EOSRedirectURL":null,"EmailThankYou":"false","ThankYouEmailMessageLibrary":null,"ThankYouEmailMessage":null,"ValidateMessage":"false","ValidationMessageLibrary":null,"InactiveSurvey":"DefaultMessage","PartialDeletion":null,"PartialDataCloseAfter":"LastActivity","InactiveMessageLibrary":null,"InactiveMessage":null,"AvailableLanguages":{"EN":[]},"ProtectSelectionIds":true}},{"SurveyID":"SV_2ohKQDRcQt6nRQi","Element":"SQ","PrimaryAttribute":"QID1","SecondaryAttribute":"A bat and a ball cost $1.10 in total. The bat costs $1.00 more than the ball. How much does the b...","TertiaryAttribute":null,"Payload":{"QuestionText":"A bat and a ball cost $1.10 in total. The bat costs $1.00 more than the ball.\nHow much does the ball cost?","DefaultChoices":false,"DataExportTag":"crt_1","QuestionID":"QID1","QuestionType":"TE","Selector":"SL","DataVisibility":{"Private":false,"Hidden":false},"Configuration":{"QuestionDescriptionOption":"UseText"},"QuestionDescription":"A bat and a ball cost $1.10 in total. The bat costs $1.00 more than the ball. How much does the b...","Validation":{"Settings":{"ForceResponse":"ON","ForceResponseType":"ON","Type":"None"}},"GradingData":[],"Language":[],"NextChoiceId":4,"NextAnswerId":1,"SearchSource":{"AllowFreeResponse":"false"}}},{"SurveyID":"SV_2ohKQDRcQt6nRQi","Element":"SQ","PrimaryAttribute":"QID2","SecondaryAttribute":"If it takes 5 machines 5 minutes to make 5 widgets, how long would it take 100 machines to make 1...","TertiaryAttribute":null,"Payload":{"QuestionText":"If it takes 5 machines 5 minutes to make 5 widgets, how long would it take\n100 machines to make 100 widgets?","DefaultChoices":false,"DataExportTag":"crt_2","QuestionID":"QID2","QuestionType":"TE","Selector":"SL","DataVisibility":{"Private":false,"Hidden":false},"Configuration":{"QuestionDescriptionOption":"UseText"},"QuestionDescription":"If it takes 5 machines 5 minutes to make 5 widgets, how long would it take 100 machines to make 1...","Validation":{"Settings":{"ForceResponse":"ON","ForceResponseType":"ON","Type":"None"}},"GradingData":[],"Language":[],"NextChoiceId":4,"NextAnswerId":1,"SearchSource":{"AllowFreeResponse":"false"}}},{"SurveyID":"SV_2ohKQDRcQt6nRQi","Element":"SQ","PrimaryAttribute":"QID3","SecondaryAttribute":"In a lake, there is a patch of lily pads. Every day, the patch doubles in size. If it takes 48 da...","TertiaryAttribute":null,"Payload":{"QuestionText":"In a lake, there is a patch of lily pads. Every day, the patch doubles in size.\nIf it takes 48 days for the patch to cover the entire lake, how long would it\ntake for the patch to cover half of the lake?","DefaultChoices":false,"DataExportTag":"crt_3","QuestionID":"QID3","QuestionType":"TE","Selector":"SL","DataVisibility":{"Private":false,"Hidden":false},"Configuration":{"QuestionDescriptionOption":"UseText"},"QuestionDescription":"In a lake, there is a patch of lily pads. Every day, the patch doubles in size. If it takes 48 da...","Validation":{"Settings":{"ForceResponse":"ON","ForceResponseType":"ON","Type":"None"}},"GradingData":[],"Language":[],"NextChoiceId":4,"NextAnswerId":1,"SearchSource":{"AllowFreeResponse":"false"}}},{"SurveyID":"SV_2ohKQDRcQt6nRQi","Element":"SQ","PrimaryAttribute":"QID4","SecondaryAttribute":"For each stattement, indicate how true it is for you:","TertiaryAttribute":null,"Payload":{"QuestionText":"For each stattement, indicate how true it is for you:","DefaultChoices":false,"DataExportTag":"RS","QuestionType":"Matrix","Selector":"Likert","SubSelector":"SingleAnswer","DataVisibility":{"Private":false,"Hidden":false},"Configuration":{"QuestionDescriptionOption":"UseText","TextPosition":"inline","ChoiceColumnWidth":25,"RepeatHeaders":"middle","WhiteSpace":"OFF","MobileFirst":true},"QuestionDescription":"For each stattement, indicate how true it is for you:","Choices":{"1":{"Display":"I try to avoid situations that require thinking in depth about something"},"2":{"Display":"I'm not that good at figuring out complicated problems"},"3":{"Display":"I enjoy intellectual challenges"},"4":{"Display":"I am not very good at solving problems that require careful logical analysis"},"5":{"Display":"I don't like to have to do a lot of thinking"},"6":{"Display":"I enjoy solving problems that require hard thinking"},"7":{"Display":"Thinking is not my idea of an enjoyable activity"},"8":{"Display":"I am not a very analytical thinker"},"9":{"Display":"Reasoning things out carefully is not one of my strong points"},"10":{"Display":"I prefer complex problems to simple problems"},"11":{"Display":"Thinking hard and for a long time about something gives me little satisfaction"},"12":{"Display":"I don't reason well under pressure"},"13":{"Display":"I am much better at figuring things out logically than most people"},"14":{"Display":"I have a logical mind"},"15":{"Display":"I enjoy thinking in abstract terms"},"16":{"Display":"I have no problem thinking things through carefully"},"17":{"Display":"Using logic usually works well for me in figuring out problems in my life"},"18":{"Display":"Knowing the answer without having to understand the reasoning behind it is good enough for me"},"19":{"Display":"I usually have clear, explainable reasons for my decisions"},"20":{"Display":"Learning new ways to think would be very appealing to me"}},"ChoiceOrder":["1","2","3","4","5","6","7","8","9","10","11","12","13","14","15","16","17","18","19","20"],"Validation":{"Settings":{"ForceResponse":"ON","ForceResponseType":"ON","Type":"None"}},"GradingData":[],"Language":[],"NextChoiceId":21,"NextAnswerId":6,"Answers":{"1":{"Display":"definitely not true of myself"},"2":{"Display":"somewhat not true of myself"},"3":{"Display":"neither true nor untrue of myself"},"4":{"Display":"somewhat true of myself"},"5":{"Display":"definitely true of myself"}},"AnswerOrder":["1","2","3","4","5"],"ChoiceDataExportTags":{"1":"RS_1","2":"RS_2","3":"RS_3","4":"RS_4","5":"RS_5","6":"RS_6","7":"RS_7","8":"RS_8","9":"RS_9","10":"RS_10","11":"RS_11","12":"RS_12","13":"RS_13","14":"RS_14","15":"RS_15","16":"RS_16","17":"RS_17","18":"RS_18","19":"RS_19","20":"RS_20"},"QuestionID":"QID4","RecodeValues":{"1":"1","2":"2","3":"3","4":"4","5":"5"}}},{"SurveyID":"SV_2ohKQDRcQt6nRQi","Element":"SQ","PrimaryAttribute":"QID5","SecondaryAttribute":"For each stattement, indicate how true it is for you:","TertiaryAttribute":null,"Payload":{"QuestionText":"For each stattement, indicate how true it is for you:","DefaultChoices":false,"DataExportTag":"ES","QuestionType":"Matrix","Selector":"Likert","SubSelector":"SingleAnswer","DataVisibility":{"Private":false,"Hidden":false},"Configuration":{"QuestionDescriptionOption":"UseText","TextPosition":"inline","ChoiceColumnWidth":25,"RepeatHeaders":"middle","WhiteSpace":"OFF","MobileFirst":true},"QuestionDescription":"For each stattement, indicate how true it is for you:","Choices":{"1":{"Display":"I like to rely on my intuitive impressions"},"2":{"Display":"I don't have a very good sense of intuition"},"4":{"Display":"Using my gut feelings usually works well for me in figuring out problems in my life"},"5":{"Display":"I believe in trusting my hunches"},"6":{"Display":"Intuition can be a very useful way to solve problems"},"7":{"Display":"I often go by my instincts when deciding on a course of action"},"8":{"Display":"I trust my initial feelings about people"},"9":{"Display":"When it comes to trusting people, I can usually rely on my gut feelings"},"10":{"Display":"If I were to rely on my gut feelings, I would often make mistakes"},"11":{"Display":"I don't like situations in which I have to rely on intuition"},"12":{"Display":"I think there are times when one should rely on one's intuition"},"13":{"Display":"I think it is foolish to make important decisions based on feelings"},"14":{"Display":"I don't think it is a good idea to rely on one's intuition for important decisions"},"15":{"Display":"I generally don't depend on my feelings to help me make decisions"},"16":{"Display":"I hardly ever go wrong when I listen to my deepest gut feelings to find an answer"},"17":{"Display":"I would not want to depend on anyone who described himself or herself as intuitive"},"18":{"Display":"My snap judgments are probably not as good as most people's"},"19":{"Display":"I tend to use my heart as a guide for my actions"},"20":{"Display":"I can usually feel when a person is right or wrong, even if I can't explain how I know"},"21":{"Display":"I suspect my hunches are inaccurate as often as they are accurate"}},"ChoiceOrder":["1","2","4","5","6","7","8","9","10","11","12","13","14","15","16","17","18","19","20","21"],"Validation":{"Settings":{"ForceResponse":"ON","ForceResponseType":"ON","Type":"None"}},"GradingData":[],"Language":[],"NextChoiceId":22,"NextAnswerId":6,"Answers":{"1":{"Display":"definitely not true of myself"},"2":{"Display":"somewhat not true of myself"},"3":{"Display":"neither true nor untrue of myself"},"4":{"Display":"somewhat true of myself"},"5":{"Display":"definitely true of myself"}},"AnswerOrder":["1","2","3","4","5"],"ChoiceDataExportTags":{"1":"ES_1","2":"ES_2","4":"ES_3","5":"ES_4","6":"ES_5","7":"ES_6","8":"ES_7","9":"ES_8","10":"ES_9","11":"ES_10","12":"ES_11","13":"ES_12","14":"ES_13","15":"ES_14","16":"ES_15","17":"ES_16","18":"ES_17","19":"ES_18","20":"ES_29","21":"ES_20"},"QuestionID":"QID5","RecodeValues":{"1":"1","2":"2","3":"3","4":"4","5":"5"}}},{"SurveyID":"SV_2ohKQDRcQt6nRQi","Element":"SQ","PrimaryAttribute":"QID6","SecondaryAttribute":"Your name and email.","TertiaryAttribute":null,"Payload":{"QuestionText":"Your name and email.","DefaultChoices":false,"DataExportTag":"name","QuestionType":"TE","Selector":"SL","DataVisibility":{"Private":false,"Hidden":false},"Configuration":{"QuestionDescriptionOption":"UseText"},"QuestionDescription":"Your name and email.","Validation":{"Settings":{"ForceResponse":"ON","ForceResponseType":"ON","Type":"None"}},"GradingData":[],"Language":[],"NextChoiceId":4,"NextAnswerId":1,"SearchSource":{"AllowFreeResponse":"false"},"QuestionID":"QID6"}},{"SurveyID":"SV_2ohKQDRcQt6nRQi","Element":"STAT","PrimaryAttribute":"Survey Statistics","SecondaryAttribute":null,"TertiaryAttribute":null,"Payload":{"MobileCompatible":false,"ID":"Survey Statistics"}}]}